// !$*UTF8*$!
{
	archiveVersion = 1;
	classes = {
	};
	objectVersion = 46;
	objects = {

/* Begin PBXBuildFile section */
		15AF6B3719F4F15B008FCED2 /* AppDelegate.swift in Sources */ = {isa = PBXBuildFile; fileRef = 15AF6B3619F4F15B008FCED2 /* AppDelegate.swift */; };
		15AF6B3919F4F15B008FCED2 /* ViewController.swift in Sources */ = {isa = PBXBuildFile; fileRef = 15AF6B3819F4F15B008FCED2 /* ViewController.swift */; };
		15AF6B3C19F4F15B008FCED2 /* Main.storyboard in Resources */ = {isa = PBXBuildFile; fileRef = 15AF6B3A19F4F15B008FCED2 /* Main.storyboard */; };
		15AF6B3E19F4F15B008FCED2 /* Images.xcassets in Resources */ = {isa = PBXBuildFile; fileRef = 15AF6B3D19F4F15B008FCED2 /* Images.xcassets */; };
		15AF6B4119F4F15B008FCED2 /* LaunchScreen.xib in Resources */ = {isa = PBXBuildFile; fileRef = 15AF6B3F19F4F15B008FCED2 /* LaunchScreen.xib */; };
		15AF6B4D19F4F15B008FCED2 /* SingleCastOct20Tests.swift in Sources */ = {isa = PBXBuildFile; fileRef = 15AF6B4C19F4F15B008FCED2 /* SingleCastOct20Tests.swift */; };
/* End PBXBuildFile section */

/* Begin PBXContainerItemProxy section */
		15AF6B4719F4F15B008FCED2 /* PBXContainerItemProxy */ = {
			isa = PBXContainerItemProxy;
			containerPortal = 15AF6B2919F4F15B008FCED2 /* Project object */;
			proxyType = 1;
			remoteGlobalIDString = 15AF6B3019F4F15B008FCED2;
			remoteInfo = SingleCastOct20;
		};
/* End PBXContainerItemProxy section */

/* Begin PBXFileReference section */
		15AF6B3119F4F15B008FCED2 /* SingleCastOct20.app */ = {isa = PBXFileReference; explicitFileType = wrapper.application; includeInIndex = 0; path = SingleCastOct20.app; sourceTree = BUILT_PRODUCTS_DIR; };
		15AF6B3519F4F15B008FCED2 /* Info.plist */ = {isa = PBXFileReference; lastKnownFileType = text.plist.xml; path = Info.plist; sourceTree = "<group>"; };
		15AF6B3619F4F15B008FCED2 /* AppDelegate.swift */ = {isa = PBXFileReference; lastKnownFileType = sourcecode.swift; path = AppDelegate.swift; sourceTree = "<group>"; };
		15AF6B3819F4F15B008FCED2 /* ViewController.swift */ = {isa = PBXFileReference; lastKnownFileType = sourcecode.swift; path = ViewController.swift; sourceTree = "<group>"; };
		15AF6B3B19F4F15B008FCED2 /* Base */ = {isa = PBXFileReference; lastKnownFileType = file.storyboard; name = Base; path = Base.lproj/Main.storyboard; sourceTree = "<group>"; };
		15AF6B3D19F4F15B008FCED2 /* Images.xcassets */ = {isa = PBXFileReference; lastKnownFileType = folder.assetcatalog; path = Images.xcassets; sourceTree = "<group>"; };
		15AF6B4019F4F15B008FCED2 /* Base */ = {isa = PBXFileReference; lastKnownFileType = file.xib; name = Base; path = Base.lproj/LaunchScreen.xib; sourceTree = "<group>"; };
		15AF6B4619F4F15B008FCED2 /* SingleCastOct20Tests.xctest */ = {isa = PBXFileReference; explicitFileType = wrapper.cfbundle; includeInIndex = 0; path = SingleCastOct20Tests.xctest; sourceTree = BUILT_PRODUCTS_DIR; };
		15AF6B4B19F4F15B008FCED2 /* Info.plist */ = {isa = PBXFileReference; lastKnownFileType = text.plist.xml; path = Info.plist; sourceTree = "<group>"; };
		15AF6B4C19F4F15B008FCED2 /* SingleCastOct20Tests.swift */ = {isa = PBXFileReference; lastKnownFileType = sourcecode.swift; path = SingleCastOct20Tests.swift; sourceTree = "<group>"; };
/* End PBXFileReference section */

/* Begin PBXFrameworksBuildPhase section */
		15AF6B2E19F4F15B008FCED2 /* Frameworks */ = {
			isa = PBXFrameworksBuildPhase;
			buildActionMask = 2147483647;
			files = (
			);
			runOnlyForDeploymentPostprocessing = 0;
		};
		15AF6B4319F4F15B008FCED2 /* Frameworks */ = {
			isa = PBXFrameworksBuildPhase;
			buildActionMask = 2147483647;
			files = (
			);
			runOnlyForDeploymentPostprocessing = 0;
		};
/* End PBXFrameworksBuildPhase section */

/* Begin PBXGroup section */
		15AF6B2819F4F15B008FCED2 = {
			isa = PBXGroup;
			children = (
				15AF6B3319F4F15B008FCED2 /* SingleCastOct20 */,
				15AF6B4919F4F15B008FCED2 /* SingleCastOct20Tests */,
				15AF6B3219F4F15B008FCED2 /* Products */,
			);
			sourceTree = "<group>";
		};
		15AF6B3219F4F15B008FCED2 /* Products */ = {
			isa = PBXGroup;
			children = (
				15AF6B3119F4F15B008FCED2 /* SingleCastOct20.app */,
				15AF6B4619F4F15B008FCED2 /* SingleCastOct20Tests.xctest */,
			);
			name = Products;
			sourceTree = "<group>";
		};
		15AF6B3319F4F15B008FCED2 /* SingleCastOct20 */ = {
			isa = PBXGroup;
			children = (
				15AF6B3619F4F15B008FCED2 /* AppDelegate.swift */,
				15AF6B3819F4F15B008FCED2 /* ViewController.swift */,
				15AF6B3A19F4F15B008FCED2 /* Main.storyboard */,
				15AF6B3D19F4F15B008FCED2 /* Images.xcassets */,
				15AF6B3F19F4F15B008FCED2 /* LaunchScreen.xib */,
				15AF6B3419F4F15B008FCED2 /* Supporting Files */,
			);
			path = SingleCastOct20;
			sourceTree = "<group>";
		};
		15AF6B3419F4F15B008FCED2 /* Supporting Files */ = {
			isa = PBXGroup;
			children = (
				15AF6B3519F4F15B008FCED2 /* Info.plist */,
			);
			name = "Supporting Files";
			sourceTree = "<group>";
		};
		15AF6B4919F4F15B008FCED2 /* SingleCastOct20Tests */ = {
			isa = PBXGroup;
			children = (
				15AF6B4C19F4F15B008FCED2 /* SingleCastOct20Tests.swift */,
				15AF6B4A19F4F15B008FCED2 /* Supporting Files */,
			);
			path = SingleCastOct20Tests;
			sourceTree = "<group>";
		};
		15AF6B4A19F4F15B008FCED2 /* Supporting Files */ = {
			isa = PBXGroup;
			children = (
				15AF6B4B19F4F15B008FCED2 /* Info.plist */,
			);
			name = "Supporting Files";
			sourceTree = "<group>";
		};
/* End PBXGroup section */

/* Begin PBXNativeTarget section */
		15AF6B3019F4F15B008FCED2 /* SingleCastOct20 */ = {
			isa = PBXNativeTarget;
			buildConfigurationList = 15AF6B5019F4F15B008FCED2 /* Build configuration list for PBXNativeTarget "SingleCastOct20" */;
			buildPhases = (
				15AF6B2D19F4F15B008FCED2 /* Sources */,
				15AF6B2E19F4F15B008FCED2 /* Frameworks */,
				15AF6B2F19F4F15B008FCED2 /* Resources */,
			);
			buildRules = (
			);
			dependencies = (
			);
			name = SingleCastOct20;
			productName = SingleCastOct20;
			productReference = 15AF6B3119F4F15B008FCED2 /* SingleCastOct20.app */;
			productType = "com.apple.product-type.application";
		};
		15AF6B4519F4F15B008FCED2 /* SingleCastOct20Tests */ = {
			isa = PBXNativeTarget;
			buildConfigurationList = 15AF6B5319F4F15B008FCED2 /* Build configuration list for PBXNativeTarget "SingleCastOct20Tests" */;
			buildPhases = (
				15AF6B4219F4F15B008FCED2 /* Sources */,
				15AF6B4319F4F15B008FCED2 /* Frameworks */,
				15AF6B4419F4F15B008FCED2 /* Resources */,
			);
			buildRules = (
			);
			dependencies = (
				15AF6B4819F4F15B008FCED2 /* PBXTargetDependency */,
			);
			name = SingleCastOct20Tests;
			productName = SingleCastOct20Tests;
			productReference = 15AF6B4619F4F15B008FCED2 /* SingleCastOct20Tests.xctest */;
			productType = "com.apple.product-type.bundle.unit-test";
		};
/* End PBXNativeTarget section */

/* Begin PBXProject section */
		15AF6B2919F4F15B008FCED2 /* Project object */ = {
			isa = PBXProject;
			attributes = {
				LastUpgradeCheck = 0600;
				ORGANIZATIONNAME = "David Lam";
				TargetAttributes = {
					15AF6B3019F4F15B008FCED2 = {
						CreatedOnToolsVersion = 6.0.1;
					};
					15AF6B4519F4F15B008FCED2 = {
						CreatedOnToolsVersion = 6.0.1;
						TestTargetID = 15AF6B3019F4F15B008FCED2;
					};
				};
			};
			buildConfigurationList = 15AF6B2C19F4F15B008FCED2 /* Build configuration list for PBXProject "SingleCastOct20" */;
			compatibilityVersion = "Xcode 3.2";
			developmentRegion = English;
			hasScannedForEncodings = 0;
			knownRegions = (
				en,
				Base,
			);
			mainGroup = 15AF6B2819F4F15B008FCED2;
			productRefGroup = 15AF6B3219F4F15B008FCED2 /* Products */;
			projectDirPath = "";
			projectRoot = "";
			targets = (
				15AF6B3019F4F15B008FCED2 /* SingleCastOct20 */,
				15AF6B4519F4F15B008FCED2 /* SingleCastOct20Tests */,
			);
		};
/* End PBXProject section */

/* Begin PBXResourcesBuildPhase section */
		15AF6B2F19F4F15B008FCED2 /* Resources */ = {
			isa = PBXResourcesBuildPhase;
			buildActionMask = 2147483647;
			files = (
				15AF6B3C19F4F15B008FCED2 /* Main.storyboard in Resources */,
				15AF6B4119F4F15B008FCED2 /* LaunchScreen.xib in Resources */,
				15AF6B3E19F4F15B008FCED2 /* Images.xcassets in Resources */,
			);
			runOnlyForDeploymentPostprocessing = 0;
		};
		15AF6B4419F4F15B008FCED2 /* Resources */ = {
			isa = PBXResourcesBuildPhase;
			buildActionMask = 2147483647;
			files = (
			);
			runOnlyForDeploymentPostprocessing = 0;
		};
/* End PBXResourcesBuildPhase section */

/* Begin PBXSourcesBuildPhase section */
		15AF6B2D19F4F15B008FCED2 /* Sources */ = {
			isa = PBXSourcesBuildPhase;
			buildActionMask = 2147483647;
			files = (
				15AF6B3919F4F15B008FCED2 /* ViewController.swift in Sources */,
				15AF6B3719F4F15B008FCED2 /* AppDelegate.swift in Sources */,
			);
			runOnlyForDeploymentPostprocessing = 0;
		};
		15AF6B4219F4F15B008FCED2 /* Sources */ = {
			isa = PBXSourcesBuildPhase;
			buildActionMask = 2147483647;
			files = (
				15AF6B4D19F4F15B008FCED2 /* SingleCastOct20Tests.swift in Sources */,
			);
			runOnlyForDeploymentPostprocessing = 0;
		};
/* End PBXSourcesBuildPhase section */

/* Begin PBXTargetDependency section */
		15AF6B4819F4F15B008FCED2 /* PBXTargetDependency */ = {
			isa = PBXTargetDependency;
			target = 15AF6B3019F4F15B008FCED2 /* SingleCastOct20 */;
			targetProxy = 15AF6B4719F4F15B008FCED2 /* PBXContainerItemProxy */;
		};
/* End PBXTargetDependency section */

/* Begin PBXVariantGroup section */
		15AF6B3A19F4F15B008FCED2 /* Main.storyboard */ = {
			isa = PBXVariantGroup;
			children = (
				15AF6B3B19F4F15B008FCED2 /* Base */,
			);
			name = Main.storyboard;
			sourceTree = "<group>";
		};
		15AF6B3F19F4F15B008FCED2 /* LaunchScreen.xib */ = {
			isa = PBXVariantGroup;
			children = (
				15AF6B4019F4F15B008FCED2 /* Base */,
			);
			name = LaunchScreen.xib;
			sourceTree = "<group>";
		};
/* End PBXVariantGroup section */

/* Begin XCBuildConfiguration section */
		15AF6B4E19F4F15B008FCED2 /* Debug */ = {
			isa = XCBuildConfiguration;
			buildSettings = {
				ALWAYS_SEARCH_USER_PATHS = NO;
				CLANG_CXX_LANGUAGE_STANDARD = "gnu++0x";
				CLANG_CXX_LIBRARY = "libc++";
				CLANG_ENABLE_MODULES = YES;
				CLANG_ENABLE_OBJC_ARC = YES;
				CLANG_WARN_BOOL_CONVERSION = YES;
				CLANG_WARN_CONSTANT_CONVERSION = YES;
				CLANG_WARN_DIRECT_OBJC_ISA_USAGE = YES_ERROR;
				CLANG_WARN_EMPTY_BODY = YES;
				CLANG_WARN_ENUM_CONVERSION = YES;
				CLANG_WARN_INT_CONVERSION = YES;
				CLANG_WARN_OBJC_ROOT_CLASS = YES_ERROR;
				CLANG_WARN_UNREACHABLE_CODE = YES;
				CLANG_WARN__DUPLICATE_METHOD_MATCH = YES;
				"CODE_SIGN_IDENTITY[sdk=iphoneos*]" = "iPhone Developer";
				COPY_PHASE_STRIP = NO;
				ENABLE_STRICT_OBJC_MSGSEND = YES;
				GCC_C_LANGUAGE_STANDARD = gnu99;
				GCC_DYNAMIC_NO_PIC = NO;
				GCC_OPTIMIZATION_LEVEL = 0;
				GCC_PREPROCESSOR_DEFINITIONS = (
					"DEBUG=1",
					"$(inherited)",
				);
				GCC_SYMBOLS_PRIVATE_EXTERN = NO;
				GCC_WARN_64_TO_32_BIT_CONVERSION = YES;
				GCC_WARN_ABOUT_RETURN_TYPE = YES_ERROR;
				GCC_WARN_UNDECLARED_SELECTOR = YES;
				GCC_WARN_UNINITIALIZED_AUTOS = YES_AGGRESSIVE;
				GCC_WARN_UNUSED_FUNCTION = YES;
				GCC_WARN_UNUSED_VARIABLE = YES;
				IPHONEOS_DEPLOYMENT_TARGET = 8.0;
				MTL_ENABLE_DEBUG_INFO = YES;
				ONLY_ACTIVE_ARCH = YES;
				SDKROOT = iphoneos;
				SWIFT_OPTIMIZATION_LEVEL = "-Onone";
			};
			name = Debug;
		};
		15AF6B4F19F4F15B008FCED2 /* Release */ = {
			isa = XCBuildConfiguration;
			buildSettings = {
				ALWAYS_SEARCH_USER_PATHS = NO;
				CLANG_CXX_LANGUAGE_STANDARD = "gnu++0x";
				CLANG_CXX_LIBRARY = "libc++";
				CLANG_ENABLE_MODULES = YES;
				CLANG_ENABLE_OBJC_ARC = YES;
				CLANG_WARN_BOOL_CONVERSION = YES;
				CLANG_WARN_CONSTANT_CONVERSION = YES;
				CLANG_WARN_DIRECT_OBJC_ISA_USAGE = YES_ERROR;
				CLANG_WARN_EMPTY_BODY = YES;
				CLANG_WARN_ENUM_CONVERSION = YES;
				CLANG_WARN_INT_CONVERSION = YES;
				CLANG_WARN_OBJC_ROOT_CLASS = YES_ERROR;
				CLANG_WARN_UNREACHABLE_CODE = YES;
				CLANG_WARN__DUPLICATE_METHOD_MATCH = YES;
				"CODE_SIGN_IDENTITY[sdk=iphoneos*]" = "iPhone Developer";
				COPY_PHASE_STRIP = YES;
				ENABLE_NS_ASSERTIONS = NO;
				ENABLE_STRICT_OBJC_MSGSEND = YES;
				GCC_C_LANGUAGE_STANDARD = gnu99;
				GCC_WARN_64_TO_32_BIT_CONVERSION = YES;
				GCC_WARN_ABOUT_RETURN_TYPE = YES_ERROR;
				GCC_WARN_UNDECLARED_SELECTOR = YES;
				GCC_WARN_UNINITIALIZED_AUTOS = YES_AGGRESSIVE;
				GCC_WARN_UNUSED_FUNCTION = YES;
				GCC_WARN_UNUSED_VARIABLE = YES;
				IPHONEOS_DEPLOYMENT_TARGET = 8.0;
				MTL_ENABLE_DEBUG_INFO = NO;
				SDKROOT = iphoneos;
				VALIDATE_PRODUCT = YES;
			};
			name = Release;
		};
		15AF6B5119F4F15B008FCED2 /* Debug */ = {
			isa = XCBuildConfiguration;
			buildSettings = {
				ASSETCATALOG_COMPILER_APPICON_NAME = AppIcon;
				INFOPLIST_FILE = SingleCastOct20/Info.plist;
				LD_RUNPATH_SEARCH_PATHS = "$(inherited) @executable_path/Frameworks";
				PRODUCT_NAME = "$(TARGET_NAME)";
			};
			name = Debug;
		};
		15AF6B5219F4F15B008FCED2 /* Release */ = {
			isa = XCBuildConfiguration;
			buildSettings = {
				ASSETCATALOG_COMPILER_APPICON_NAME = AppIcon;
				INFOPLIST_FILE = SingleCastOct20/Info.plist;
				LD_RUNPATH_SEARCH_PATHS = "$(inherited) @executable_path/Frameworks";
				PRODUCT_NAME = "$(TARGET_NAME)";
			};
			name = Release;
		};
		15AF6B5419F4F15B008FCED2 /* Debug */ = {
			isa = XCBuildConfiguration;
			buildSettings = {
				BUNDLE_LOADER = "$(TEST_HOST)";
				FRAMEWORK_SEARCH_PATHS = (
					"$(SDKROOT)/Developer/Library/Frameworks",
					"$(inherited)",
				);
				GCC_PREPROCESSOR_DEFINITIONS = (
					"DEBUG=1",
					"$(inherited)",
				);
				INFOPLIST_FILE = SingleCastOct20Tests/Info.plist;
				LD_RUNPATH_SEARCH_PATHS = "$(inherited) @executable_path/Frameworks @loader_path/Frameworks";
				PRODUCT_NAME = "$(TARGET_NAME)";
				TEST_HOST = "$(BUILT_PRODUCTS_DIR)/SingleCastOct20.app/SingleCastOct20";
			};
			name = Debug;
		};
		15AF6B5519F4F15B008FCED2 /* Release */ = {
			isa = XCBuildConfiguration;
			buildSettings = {
				BUNDLE_LOADER = "$(TEST_HOST)";
				FRAMEWORK_SEARCH_PATHS = (
					"$(SDKROOT)/Developer/Library/Frameworks",
					"$(inherited)",
				);
				INFOPLIST_FILE = SingleCastOct20Tests/Info.plist;
				LD_RUNPATH_SEARCH_PATHS = "$(inherited) @executable_path/Frameworks @loader_path/Frameworks";
				PRODUCT_NAME = "$(TARGET_NAME)";
				TEST_HOST = "$(BUILT_PRODUCTS_DIR)/SingleCastOct20.app/SingleCastOct20";
			};
			name = Release;
		};
/* End XCBuildConfiguration section */

/* Begin XCConfigurationList section */
		15AF6B2C19F4F15B008FCED2 /* Build configuration list for PBXProject "SingleCastOct20" */ = {
			isa = XCConfigurationList;
			buildConfigurations = (
				15AF6B4E19F4F15B008FCED2 /* Debug */,
				15AF6B4F19F4F15B008FCED2 /* Release */,
			);
			defaultConfigurationIsVisible = 0;
			defaultConfigurationName = Release;
		};
		15AF6B5019F4F15B008FCED2 /* Build configuration list for PBXNativeTarget "SingleCastOct20" */ = {
			isa = XCConfigurationList;
			buildConfigurations = (
				15AF6B5119F4F15B008FCED2 /* Debug */,
				15AF6B5219F4F15B008FCED2 /* Release */,
			);
			defaultConfigurationIsVisible = 0;
		};
		15AF6B5319F4F15B008FCED2 /* Build configuration list for PBXNativeTarget "SingleCastOct20Tests" */ = {
			isa = XCConfigurationList;
			buildConfigurations = (
				15AF6B5419F4F15B008FCED2 /* Debug */,
				15AF6B5519F4F15B008FCED2 /* Release */,
			);
			defaultConfigurationIsVisible = 0;
		};
/* End XCConfigurationList section */
	};
	rootObject = 15AF6B2919F4F15B008FCED2 /* Project object */;
}
